// !$*UTF8*$!
{
	archiveVersion = 1;
	classes = {
	};
	objectVersion = 56;
	objects = {

/* Begin PBXBuildFile section */
		A1B2C3D41AAAAAAA00000001 /* WaktuSolatSwiftExampleApp.swift in Sources */ = {isa = PBXBuildFile; fileRef = A1B2C3D41AAAAAAA00000011 /* WaktuSolatSwiftExampleApp.swift */; };
		A1B2C3D41AAAAAAA00000002 /* ContentView.swift in Sources */ = {isa = PBXBuildFile; fileRef = A1B2C3D41AAAAAAA00000012 /* ContentView.swift */; };
		A1B2C3D41AAAAAAA00000003 /* WaktuSolatSwift in Frameworks */ = {isa = PBXBuildFile; productRef = A1B2C3D41AAAAAAA000000B2 /* WaktuSolatSwift */; };
/* End PBXBuildFile section */

/* Begin PBXFileReference section */
		A1B2C3D41AAAAAAA00000011 /* WaktuSolatSwiftExampleApp.swift */ = {isa = PBXFileReference; lastKnownFileType = sourcecode.swift; path = WaktuSolatSwiftExampleApp.swift; sourceTree = "<group>"; };
		A1B2C3D41AAAAAAA00000012 /* ContentView.swift */ = {isa = PBXFileReference; lastKnownFileType = sourcecode.swift; path = ContentView.swift; sourceTree = "<group>"; };
		A1B2C3D41AAAAAAA00000013 /* WaktuSolatSwiftExample.app */ = {isa = PBXFileReference; explicitFileType = wrapper.application; includeInIndex = 0; path = WaktuSolatSwiftExample.app; sourceTree = BUILT_PRODUCTS_DIR; };
/* End PBXFileReference section */

/* Begin PBXFrameworksBuildPhase section */
		A1B2C3D41AAAAAAA00000021 /* Frameworks */ = {
			isa = PBXFrameworksBuildPhase;
			buildActionMask = 2147483647;
			files = (
				A1B2C3D41AAAAAAA00000003 /* WaktuSolatSwift in Frameworks */,
			);
			runOnlyForDeploymentPostprocessing = 0;
		};
/* End PBXFrameworksBuildPhase section */

/* Begin PBXGroup section */
		A1B2C3D41AAAAAAA00000031 = {
			isa = PBXGroup;
			children = (
				A1B2C3D41AAAAAAA00000032 /* WaktuSolatSwiftExampleApp */,
				A1B2C3D41AAAAAAA00000033 /* Products */,
			);
			sourceTree = "<group>";
		};
		A1B2C3D41AAAAAAA00000032 /* WaktuSolatSwiftExampleApp */ = {
			isa = PBXGroup;
			children = (
				A1B2C3D41AAAAAAA00000011 /* WaktuSolatSwiftExampleApp.swift */,
				A1B2C3D41AAAAAAA00000012 /* ContentView.swift */,
			);
			path = WaktuSolatSwiftExampleApp;
			sourceTree = "<group>";
		};
		A1B2C3D41AAAAAAA00000033 /* Products */ = {
			isa = PBXGroup;
			children = (
				A1B2C3D41AAAAAAA00000013 /* WaktuSolatSwiftExample.app */,
			);
			name = Products;
			sourceTree = "<group>";
		};
/* End PBXGroup section */

/* Begin PBXNativeTarget section */
		A1B2C3D41AAAAAAA00000041 /* WaktuSolatSwiftExample */ = {
			isa = PBXNativeTarget;
			buildConfigurationList = A1B2C3D41AAAAAAA000000A1 /* Build configuration list for PBXNativeTarget "WaktuSolatSwiftExample" */;
			buildPhases = (
				A1B2C3D41AAAAAAA00000071 /* Sources */,
				A1B2C3D41AAAAAAA00000021 /* Frameworks */,
				A1B2C3D41AAAAAAA00000061 /* Resources */,
			);
			buildRules = (
			);
			dependencies = (
			);
			name = WaktuSolatSwiftExample;
			packageProductDependencies = (
				A1B2C3D41AAAAAAA000000B2 /* WaktuSolatSwift */,
			);
			productName = WaktuSolatSwiftExample;
			productReference = A1B2C3D41AAAAAAA00000013 /* WaktuSolatSwiftExample.app */;
			productType = "com.apple.product-type.application";
		};
/* End PBXNativeTarget section */

/* Begin PBXProject section */
		A1B2C3D41AAAAAAA00000051 /* Project object */ = {
			isa = PBXProject;
			attributes = {
				BuildIndependentTargetsInParallel = YES;
				LastUpgradeCheck = 1620;
				TargetAttributes = {
					A1B2C3D41AAAAAAA00000041 = {
						CreatedOnToolsVersion = 16.2;
					};
				};
			};
			buildConfigurationList = A1B2C3D41AAAAAAA000000A2 /* Build configuration list for PBXProject "WaktuSolatSwiftExample" */;
			compatibilityVersion = "Xcode 14.0";
			developmentRegion = en;
			hasScannedForEncodings = 0;
			knownRegions = (
				en,
				Base,
			);
			mainGroup = A1B2C3D41AAAAAAA00000031;
			packageReferences = (
				A1B2C3D41AAAAAAA000000B1 /* XCLocalSwiftPackageReference ".." */,
			);
			productRefGroup = A1B2C3D41AAAAAAA00000033 /* Products */;
			projectDirPath = "";
			projectRoot = "";
			targets = (
				A1B2C3D41AAAAAAA00000041 /* WaktuSolatSwiftExample */,
			);
		};
/* End PBXProject section */

/* Begin PBXResourcesBuildPhase section */
		A1B2C3D41AAAAAAA00000061 /* Resources */ = {
			isa = PBXResourcesBuildPhase;
			buildActionMask = 2147483647;
			files = (
			);
			runOnlyForDeploymentPostprocessing = 0;
		};
/* End PBXResourcesBuildPhase section */

/* Begin PBXSourcesBuildPhase section */
		A1B2C3D41AAAAAAA00000071 /* Sources */ = {
			isa = PBXSourcesBuildPhase;
			buildActionMask = 2147483647;
			files = (
				A1B2C3D41AAAAAAA00000001 /* WaktuSolatSwiftExampleApp.swift in Sources */,
				A1B2C3D41AAAAAAA00000002 /* ContentView.swift in Sources */,
			);
			runOnlyForDeploymentPostprocessing = 0;
		};
/* End PBXSourcesBuildPhase section */

/* Begin XCBuildConfiguration section */
		A1B2C3D41AAAAAAA00000081 /* Debug */ = {
			isa = XCBuildConfiguration;
			buildSettings = {
				ASSETCATALOG_COMPILER_GENERATE_SWIFT_ASSET_SYMBOL_EXTENSIONS = YES;
				CODE_SIGN_STYLE = Automatic;
				CURRENT_PROJECT_VERSION = 1;
				DEVELOPMENT_TEAM = "";
				ENABLE_PREVIEWS = YES;
				GENERATE_INFOPLIST_FILE = YES;
				INFOPLIST_KEY_UIApplicationSceneManifest_Generation = YES;
				INFOPLIST_KEY_UILaunchScreen_Generation = YES;
				INFOPLIST_KEY_UISupportedInterfaceOrientations_iPhone = "UIInterfaceOrientationPortrait UIInterfaceOrientationLandscapeLeft UIInterfaceOrientationLandscapeRight";
				IPHONEOS_DEPLOYMENT_TARGET = 15.0;
				LD_RUNPATH_SEARCH_PATHS = (
					"$(inherited)",
					"@executable_path/Frameworks",
				);
				MARKETING_VERSION = 1.0;
				PRODUCT_BUNDLE_IDENTIFIER = com.apkdmg.WaktuSolatSwiftExample;
				PRODUCT_NAME = "$(TARGET_NAME)";
				SDKROOT = iphoneos;
				SUPPORTED_PLATFORMS = "iphoneos iphonesimulator";
				SWIFT_EMIT_LOC_STRINGS = YES;
				SWIFT_VERSION = 5.0;
				TARGETED_DEVICE_FAMILY = "1,2";
			};
			name = Debug;
		};
		A1B2C3D41AAAAAAA00000082 /* Release */ = {
			isa = XCBuildConfiguration;
			buildSettings = {
				ASSETCATALOG_COMPILER_GENERATE_SWIFT_ASSET_SYMBOL_EXTENSIONS = YES;
				CODE_SIGN_STYLE = Automatic;
				CURRENT_PROJECT_VERSION = 1;
				DEVELOPMENT_TEAM = "";
				ENABLE_PREVIEWS = YES;
				GENERATE_INFOPLIST_FILE = YES;
				INFOPLIST_KEY_UIApplicationSceneManifest_Generation = YES;
				INFOPLIST_KEY_UILaunchScreen_Generation = YES;
				INFOPLIST_KEY_UISupportedInterfaceOrientations_iPhone = "UIInterfaceOrientationPortrait UIInterfaceOrientationLandscapeLeft UIInterfaceOrientationLandscapeRight";
				IPHONEOS_DEPLOYMENT_TARGET = 15.0;
				LD_RUNPATH_SEARCH_PATHS = (
					"$(inherited)",
					"@executable_path/Frameworks",
				);
				MARKETING_VERSION = 1.0;
				PRODUCT_BUNDLE_IDENTIFIER = com.apkdmg.WaktuSolatSwiftExample;
				PRODUCT_NAME = "$(TARGET_NAME)";
				SDKROOT = iphoneos;
				SUPPORTED_PLATFORMS = "iphoneos iphonesimulator";
				SWIFT_EMIT_LOC_STRINGS = YES;
				SWIFT_VERSION = 5.0;
				TARGETED_DEVICE_FAMILY = "1,2";
			};
			name = Release;
		};
		A1B2C3D41AAAAAAA00000091 /* Debug */ = {
			isa = XCBuildConfiguration;
			buildSettings = {
				ALWAYS_SEARCH_USER_PATHS = NO;
				CLANG_ENABLE_MODULES = YES;
				CLANG_ENABLE_OBJC_ARC = YES;
				COPY_PHASE_STRIP = NO;
				DEBUG_INFORMATION_FORMAT = dwarf;
				ENABLE_STRICT_OBJC_MSGSEND = YES;
				ENABLE_TESTABILITY = YES;
				GCC_C_LANGUAGE_STANDARD = gnu17;
				GCC_DYNAMIC_NO_PIC = NO;
				GCC_NO_COMMON_BLOCKS = YES;
				GCC_OPTIMIZATION_LEVEL = 0;
				GCC_PREPROCESSOR_DEFINITIONS = (
					"DEBUG=1",
					"$(inherited)",
				);
				GCC_WARN_64_TO_32_BIT_CONVERSION = YES;
				GCC_WARN_ABOUT_RETURN_TYPE = YES_ERROR;
				GCC_WARN_UNDECLARED_SELECTOR = YES;
				GCC_WARN_UNINITIALIZED_AUTOS = YES_AGGRESSIVE;
				GCC_WARN_UNUSED_FUNCTION = YES;
				GCC_WARN_UNUSED_VARIABLE = YES;
				IPHONEOS_DEPLOYMENT_TARGET = 15.0;
				MTL_ENABLE_DEBUG_INFO = INCLUDE_SOURCE;
				MTL_FAST_MATH = YES;
				ONLY_ACTIVE_ARCH = YES;
				SWIFT_ACTIVE_COMPILATION_CONDITIONS = DEBUG;
				SWIFT_OPTIMIZATION_LEVEL = "-Onone";
			};
			name = Debug;
		};
		A1B2C3D41AAAAAAA00000092 /* Release */ = {
			isa = XCBuildConfiguration;
			buildSettings = {
				ALWAYS_SEARCH_USER_PATHS = NO;
				CLANG_ENABLE_MODULES = YES;
				CLANG_ENABLE_OBJC_ARC = YES;
				COPY_PHASE_STRIP = NO;
				DEBUG_INFORMATION_FORMAT = "dwarf-with-dsym";
				ENABLE_NS_ASSERTIONS = NO;
				ENABLE_STRICT_OBJC_MSGSEND = YES;
				GCC_C_LANGUAGE_STANDARD = gnu17;
				GCC_NO_COMMON_BLOCKS = YES;
				GCC_WARN_64_TO_32_BIT_CONVERSION = YES;
				GCC_WARN_ABOUT_RETURN_TYPE = YES_ERROR;
				GCC_WARN_UNDECLARED_SELECTOR = YES;
				GCC_WARN_UNINITIALIZED_AUTOS = YES_AGGRESSIVE;
				GCC_WARN_UNUSED_FUNCTION = YES;
				GCC_WARN_UNUSED_VARIABLE = YES;
				IPHONEOS_DEPLOYMENT_TARGET = 15.0;
				MTL_ENABLE_DEBUG_INFO = NO;
				MTL_FAST_MATH = YES;
				SWIFT_COMPILATION_MODE = wholemodule;
				SWIFT_OPTIMIZATION_LEVEL = "-O";
			};
			name = Release;
		};
/* End XCBuildConfiguration section */

/* Begin XCConfigurationList section */
		A1B2C3D41AAAAAAA000000A1 /* Build configuration list for PBXNativeTarget "WaktuSolatSwiftExample" */ = {
			isa = XCConfigurationList;
			buildConfigurations = (
				A1B2C3D41AAAAAAA00000081 /* Debug */,
				A1B2C3D41AAAAAAA00000082 /* Release */,
			);
			defaultConfigurationIsVisible = 0;
			defaultConfigurationName = Release;
		};
		A1B2C3D41AAAAAAA000000A2 /* Build configuration list for PBXProject "WaktuSolatSwiftExample" */ = {
			isa = XCConfigurationList;
			buildConfigurations = (
				A1B2C3D41AAAAAAA00000091 /* Debug */,
				A1B2C3D41AAAAAAA00000092 /* Release */,
			);
			defaultConfigurationIsVisible = 0;
			defaultConfigurationName = Release;
		};
/* End XCConfigurationList section */

/* Begin XCLocalSwiftPackageReference section */
		A1B2C3D41AAAAAAA000000B1 /* XCLocalSwiftPackageReference ".." */ = {
			isa = XCLocalSwiftPackageReference;
			relativePath = ..;
		};
/* End XCLocalSwiftPackageReference section */

/* Begin XCSwiftPackageProductDependency section */
		A1B2C3D41AAAAAAA000000B2 /* WaktuSolatSwift */ = {
			isa = XCSwiftPackageProductDependency;
			package = A1B2C3D41AAAAAAA000000B1 /* XCLocalSwiftPackageReference ".." */;
			productName = WaktuSolatSwift;
		};
/* End XCSwiftPackageProductDependency section */
	};
	rootObject = A1B2C3D41AAAAAAA00000051 /* Project object */;
}
